
Microsoft Visual Studio Solution File, Format Version 12.00
# Visual Studio Version 16
VisualStudioVersion = 25.0.1706.9
MinimumVisualStudioVersion = 10.0.40219.1
Project("{FAE04EC0-301F-11D3-BF4B-00C04F79EFBC}") = "Paragraph.Core", "Paragraph.Core.csproj", "{AFC7415C-4F1F-4287-B25D-FCB7F69DFCC7}"
EndProject
Global
	GlobalSection(SolutionConfigurationPlatforms) = preSolution
		Debug|Any CPU = Debug|Any CPU
		Release|Any CPU = Release|Any CPU
	EndGlobalSection
	GlobalSection(ProjectConfigurationPlatforms) = postSolution
		{AFC7415C-4F1F-4287-B25D-FCB7F69DFCC7}.Debug|Any CPU.ActiveCfg = Debug|Any CPU
		{AFC7415C-4F1F-4287-B25D-FCB7F69DFCC7}.Debug|Any CPU.Build.0 = Debug|Any CPU
		{AFC7415C-4F1F-4287-B25D-FCB7F69DFCC7}.Release|Any CPU.ActiveCfg = Release|Any CPU
		{AFC7415C-4F1F-4287-B25D-FCB7F69DFCC7}.Release|Any CPU.Build.0 = Release|Any CPU
	EndGlobalSection
	GlobalSection(SolutionProperties) = preSolution
		HideSolutionNode = FALSE
	EndGlobalSection
	GlobalSection(ExtensibilityGlobals) = postSolution
		SolutionGuid = {ED62F649-DA4B-49E1-9929-9BFD1A4DA0BC}
	EndGlobalSection
EndGlobal
